
Microsoft Visual Studio Solution File, Format Version 12.00
# Visual Studio Version 17
VisualStudioVersion = 17.11.35327.3
MinimumVisualStudioVersion = 10.0.40219.1
Project("{FAE04EC0-301F-11D3-BF4B-00C04F79EFBC}") = "FiapProcessaVideo.WebApi", "FiapProcessaVideo.WebApi\FiapProcessaVideo.WebApi.csproj", "{C8301191-66DF-427F-9676-BF59F742D796}"
EndProject
Project("{FAE04EC0-301F-11D3-BF4B-00C04F79EFBC}") = "FiapProcessaVideo.Domain", "FiapProcessaVideo.Domain\FiapProcessaVideo.Domain.csproj", "{4D9BAAC1-43B1-4D08-A87A-B42300833758}"
EndProject
Project("{FAE04EC0-301F-11D3-BF4B-00C04F79EFBC}") = "FiapProcessaVideo.Application", "FiapProcessaVideo.Application\FiapProcessaVideo.Application.csproj", "{557A24C3-8668-47FC-A380-21F8BBE3ED7F}"
EndProject
Global
	GlobalSection(SolutionConfigurationPlatforms) = preSolution
		Debug|Any CPU = Debug|Any CPU
		Release|Any CPU = Release|Any CPU
	EndGlobalSection
	GlobalSection(ProjectConfigurationPlatforms) = postSolution
		{C8301191-66DF-427F-9676-BF59F742D796}.Debug|Any CPU.ActiveCfg = Debug|Any CPU
		{C8301191-66DF-427F-9676-BF59F742D796}.Debug|Any CPU.Build.0 = Debug|Any CPU
		{C8301191-66DF-427F-9676-BF59F742D796}.Release|Any CPU.ActiveCfg = Release|Any CPU
		{C8301191-66DF-427F-9676-BF59F742D796}.Release|Any CPU.Build.0 = Release|Any CPU
		{4D9BAAC1-43B1-4D08-A87A-B42300833758}.Debug|Any CPU.ActiveCfg = Debug|Any CPU
		{4D9BAAC1-43B1-4D08-A87A-B42300833758}.Debug|Any CPU.Build.0 = Debug|Any CPU
		{4D9BAAC1-43B1-4D08-A87A-B42300833758}.Release|Any CPU.ActiveCfg = Release|Any CPU
		{4D9BAAC1-43B1-4D08-A87A-B42300833758}.Release|Any CPU.Build.0 = Release|Any CPU
		{557A24C3-8668-47FC-A380-21F8BBE3ED7F}.Debug|Any CPU.ActiveCfg = Debug|Any CPU
		{557A24C3-8668-47FC-A380-21F8BBE3ED7F}.Debug|Any CPU.Build.0 = Debug|Any CPU
		{557A24C3-8668-47FC-A380-21F8BBE3ED7F}.Release|Any CPU.ActiveCfg = Release|Any CPU
		{557A24C3-8668-47FC-A380-21F8BBE3ED7F}.Release|Any CPU.Build.0 = Release|Any CPU
	EndGlobalSection
	GlobalSection(SolutionProperties) = preSolution
		HideSolutionNode = FALSE
	EndGlobalSection
	GlobalSection(ExtensibilityGlobals) = postSolution
		SolutionGuid = {D5BD75B2-862E-48B6-9F0A-076CB34C5DA0}
	EndGlobalSection
EndGlobal
