
Microsoft Visual Studio Solution File, Format Version 12.00
# Visual Studio Version 17
VisualStudioVersion = 17.11.35327.3
MinimumVisualStudioVersion = 10.0.40219.1
Project("{9A19103F-16F7-4668-BE54-9A1E7A4F7556}") = "FiapProcessaVideo.WebApi", "FiapProcessaVideo.WebApi\FiapProcessaVideo.WebApi.csproj", "{C8301191-66DF-427F-9676-BF59F742D796}"
EndProject
Project("{9A19103F-16F7-4668-BE54-9A1E7A4F7556}") = "FiapProcessaVideo.Domain", "FiapProcessaVideo.Domain\FiapProcessaVideo.Domain.csproj", "{4D9BAAC1-43B1-4D08-A87A-B42300833758}"
EndProject
Project("{9A19103F-16F7-4668-BE54-9A1E7A4F7556}") = "FiapProcessaVideo.Application", "FiapProcessaVideo.Application\FiapProcessaVideo.Application.csproj", "{557A24C3-8668-47FC-A380-21F8BBE3ED7F}"
EndProject
Project("{2150E333-8FDC-42A3-9474-1A3956D46DE8}") = "Itens de Solução", "Itens de Solução", "{370D6014-55B2-47B6-8FBE-9BFFCB0A74DB}"
	ProjectSection(SolutionItems) = preProject
		README.md = README.md
	EndProjectSection
EndProject
Global
	GlobalSection(SolutionConfigurationPlatforms) = preSolution
		Debug|Any CPU = Debug|Any CPU
		Release|Any CPU = Release|Any CPU
	EndGlobalSection
	GlobalSection(ProjectConfigurationPlatforms) = postSolution
		{C8301191-66DF-427F-9676-BF59F742D796}.Debug|Any CPU.ActiveCfg = Debug|Any CPU
		{C8301191-66DF-427F-9676-BF59F742D796}.Debug|Any CPU.Build.0 = Debug|Any CPU
		{C8301191-66DF-427F-9676-BF59F742D796}.Release|Any CPU.ActiveCfg = Release|Any CPU
		{C8301191-66DF-427F-9676-BF59F742D796}.Release|Any CPU.Build.0 = Release|Any CPU
		{4D9BAAC1-43B1-4D08-A87A-B42300833758}.Debug|Any CPU.ActiveCfg = Debug|Any CPU
		{4D9BAAC1-43B1-4D08-A87A-B42300833758}.Debug|Any CPU.Build.0 = Debug|Any CPU
		{4D9BAAC1-43B1-4D08-A87A-B42300833758}.Release|Any CPU.ActiveCfg = Release|Any CPU
		{4D9BAAC1-43B1-4D08-A87A-B42300833758}.Release|Any CPU.Build.0 = Release|Any CPU
		{557A24C3-8668-47FC-A380-21F8BBE3ED7F}.Debug|Any CPU.ActiveCfg = Debug|Any CPU
		{557A24C3-8668-47FC-A380-21F8BBE3ED7F}.Debug|Any CPU.Build.0 = Debug|Any CPU
		{557A24C3-8668-47FC-A380-21F8BBE3ED7F}.Release|Any CPU.ActiveCfg = Release|Any CPU
		{557A24C3-8668-47FC-A380-21F8BBE3ED7F}.Release|Any CPU.Build.0 = Release|Any CPU
	EndGlobalSection
	GlobalSection(SolutionProperties) = preSolution
		HideSolutionNode = FALSE
	EndGlobalSection
	GlobalSection(ExtensibilityGlobals) = postSolution
		SolutionGuid = {D5BD75B2-862E-48B6-9F0A-076CB34C5DA0}
	EndGlobalSection
EndGlobal
